
Microsoft Visual Studio Solution File, Format Version 12.00
# Visual Studio Version 17
VisualStudioVersion = 17.11.35222.181
MinimumVisualStudioVersion = 10.0.40219.1
Project("{FAE04EC0-301F-11D3-BF4B-00C04F79EFBC}") = "kalkulacja", "kalkulacja\kalkulacja.csproj", "{6F447DD0-C6FC-4DB1-B48B-010EDBFB0A01}"
EndProject
Global
	GlobalSection(SolutionConfigurationPlatforms) = preSolution
		Debug|Any CPU = Debug|Any CPU
		Release|Any CPU = Release|Any CPU
	EndGlobalSection
	GlobalSection(ProjectConfigurationPlatforms) = postSolution
		{6F447DD0-C6FC-4DB1-B48B-010EDBFB0A01}.Debug|Any CPU.ActiveCfg = Debug|Any CPU
		{6F447DD0-C6FC-4DB1-B48B-010EDBFB0A01}.Debug|Any CPU.Build.0 = Debug|Any CPU
		{6F447DD0-C6FC-4DB1-B48B-010EDBFB0A01}.Release|Any CPU.ActiveCfg = Release|Any CPU
		{6F447DD0-C6FC-4DB1-B48B-010EDBFB0A01}.Release|Any CPU.Build.0 = Release|Any CPU
	EndGlobalSection
	GlobalSection(SolutionProperties) = preSolution
		HideSolutionNode = FALSE
	EndGlobalSection
	GlobalSection(ExtensibilityGlobals) = postSolution
		SolutionGuid = {3CCC7BB3-3355-4A91-BEC3-D572B235E66D}
	EndGlobalSection
EndGlobal
